
Microsoft Visual Studio Solution File, Format Version 12.00
# Visual Studio 14
VisualStudioVersion = 14.0.25420.1
MinimumVisualStudioVersion = 10.0.40219.1
Project("{FAE04EC0-301F-11D3-BF4B-00C04F79EFBC}") = "CSharpExtLibrary", "CSharpExtLibrary\CSharpExtLibrary.csproj", "{0D37BCF6-C6E2-486D-9911-1CDB4D93778E}"
EndProject
Project("{FAE04EC0-301F-11D3-BF4B-00C04F79EFBC}") = "CSharpExtLibraryTest", "WPFColorPickerTest\CSharpExtLibraryTest.csproj", "{1113F025-D50B-4D5B-A3BD-FFB4DBAABDFE}"
	ProjectSection(ProjectDependencies) = postProject
		{0D37BCF6-C6E2-486D-9911-1CDB4D93778E} = {0D37BCF6-C6E2-486D-9911-1CDB4D93778E}
	EndProjectSection
EndProject
Global
	GlobalSection(SolutionConfigurationPlatforms) = preSolution
		Debug|Any CPU = Debug|Any CPU
		Release|Any CPU = Release|Any CPU
	EndGlobalSection
	GlobalSection(ProjectConfigurationPlatforms) = postSolution
		{0D37BCF6-C6E2-486D-9911-1CDB4D93778E}.Debug|Any CPU.ActiveCfg = Debug|Any CPU
		{0D37BCF6-C6E2-486D-9911-1CDB4D93778E}.Debug|Any CPU.Build.0 = Debug|Any CPU
		{0D37BCF6-C6E2-486D-9911-1CDB4D93778E}.Release|Any CPU.ActiveCfg = Release|Any CPU
		{0D37BCF6-C6E2-486D-9911-1CDB4D93778E}.Release|Any CPU.Build.0 = Release|Any CPU
		{1113F025-D50B-4D5B-A3BD-FFB4DBAABDFE}.Debug|Any CPU.ActiveCfg = Debug|Any CPU
		{1113F025-D50B-4D5B-A3BD-FFB4DBAABDFE}.Debug|Any CPU.Build.0 = Debug|Any CPU
		{1113F025-D50B-4D5B-A3BD-FFB4DBAABDFE}.Release|Any CPU.ActiveCfg = Release|Any CPU
		{1113F025-D50B-4D5B-A3BD-FFB4DBAABDFE}.Release|Any CPU.Build.0 = Release|Any CPU
	EndGlobalSection
	GlobalSection(SolutionProperties) = preSolution
		HideSolutionNode = FALSE
	EndGlobalSection
EndGlobal
